// !$*UTF8*$!
{
	archiveVersion = 1;
	classes = {
	};
	objectVersion = 48;
	objects = {

/* Begin PBXBuildFile section */
		50E79DDE1F7CD22B00A2E6FB /* SwiftTypeConversion.h in Headers */ = {isa = PBXBuildFile; fileRef = 50E79DDC1F7CD22B00A2E6FB /* SwiftTypeConversion.h */; settings = {ATTRIBUTES = (Public, ); }; };
		50E79DE51F7CD29D00A2E6FB /* TypeConversion.swift in Sources */ = {isa = PBXBuildFile; fileRef = 50E79DE41F7CD29D00A2E6FB /* TypeConversion.swift */; };
/* End PBXBuildFile section */

/* Begin PBXFileReference section */
		50E79DD91F7CD22B00A2E6FB /* SwiftTypeConversion.framework */ = {isa = PBXFileReference; explicitFileType = wrapper.framework; includeInIndex = 0; path = SwiftTypeConversion.framework; sourceTree = BUILT_PRODUCTS_DIR; };
		50E79DDC1F7CD22B00A2E6FB /* SwiftTypeConversion.h */ = {isa = PBXFileReference; lastKnownFileType = sourcecode.c.h; path = SwiftTypeConversion.h; sourceTree = "<group>"; };
		50E79DDD1F7CD22B00A2E6FB /* Info.plist */ = {isa = PBXFileReference; lastKnownFileType = text.plist.xml; path = Info.plist; sourceTree = "<group>"; };
		50E79DE41F7CD29D00A2E6FB /* TypeConversion.swift */ = {isa = PBXFileReference; lastKnownFileType = sourcecode.swift; path = TypeConversion.swift; sourceTree = "<group>"; };
		50E79DE81F7CDDF600A2E6FB /* SwiftTypeConversion.podspec */ = {isa = PBXFileReference; lastKnownFileType = text; path = SwiftTypeConversion.podspec; sourceTree = "<group>"; };
		50E79DEB1F7CDE6F00A2E6FB /* README.md */ = {isa = PBXFileReference; lastKnownFileType = net.daringfireball.markdown; name = README.md; path = "SwiftTypeConversion/New Group/README.md"; sourceTree = SOURCE_ROOT; };
/* End PBXFileReference section */

/* Begin PBXFrameworksBuildPhase section */
		50E79DD51F7CD22B00A2E6FB /* Frameworks */ = {
			isa = PBXFrameworksBuildPhase;
			buildActionMask = 2147483647;
			files = (
			);
			runOnlyForDeploymentPostprocessing = 0;
		};
/* End PBXFrameworksBuildPhase section */

/* Begin PBXGroup section */
		50E79DCF1F7CD22B00A2E6FB = {
			isa = PBXGroup;
			children = (
				50E79DDB1F7CD22B00A2E6FB /* SwiftTypeConversion */,
				50E79DDA1F7CD22B00A2E6FB /* Products */,
			);
			sourceTree = "<group>";
		};
		50E79DDA1F7CD22B00A2E6FB /* Products */ = {
			isa = PBXGroup;
			children = (
				50E79DD91F7CD22B00A2E6FB /* SwiftTypeConversion.framework */,
			);
			name = Products;
			sourceTree = "<group>";
		};
		50E79DDB1F7CD22B00A2E6FB /* SwiftTypeConversion */ = {
			isa = PBXGroup;
			children = (
				50E79DDC1F7CD22B00A2E6FB /* SwiftTypeConversion.h */,
				50E79DEC1F7CE28600A2E6FB /* source */,
				50E79DED1F7CE2B400A2E6FB /* config */,
			);
			path = SwiftTypeConversion;
			sourceTree = "<group>";
		};
		50E79DEC1F7CE28600A2E6FB /* source */ = {
			isa = PBXGroup;
			children = (
				50E79DE41F7CD29D00A2E6FB /* TypeConversion.swift */,
			);
			path = source;
			sourceTree = "<group>";
		};
		50E79DED1F7CE2B400A2E6FB /* config */ = {
			isa = PBXGroup;
			children = (
				50E79DE81F7CDDF600A2E6FB /* SwiftTypeConversion.podspec */,
				50E79DDD1F7CD22B00A2E6FB /* Info.plist */,
				50E79DEB1F7CDE6F00A2E6FB /* README.md */,
			);
			path = config;
			sourceTree = "<group>";
		};
/* End PBXGroup section */

/* Begin PBXHeadersBuildPhase section */
		50E79DD61F7CD22B00A2E6FB /* Headers */ = {
			isa = PBXHeadersBuildPhase;
			buildActionMask = 2147483647;
			files = (
				50E79DDE1F7CD22B00A2E6FB /* SwiftTypeConversion.h in Headers */,
			);
			runOnlyForDeploymentPostprocessing = 0;
		};
/* End PBXHeadersBuildPhase section */

/* Begin PBXNativeTarget section */
		50E79DD81F7CD22B00A2E6FB /* SwiftTypeConversion */ = {
			isa = PBXNativeTarget;
			buildConfigurationList = 50E79DE11F7CD22B00A2E6FB /* Build configuration list for PBXNativeTarget "SwiftTypeConversion" */;
			buildPhases = (
				50E79DD41F7CD22B00A2E6FB /* Sources */,
				50E79DD51F7CD22B00A2E6FB /* Frameworks */,
				50E79DD61F7CD22B00A2E6FB /* Headers */,
				50E79DD71F7CD22B00A2E6FB /* Resources */,
			);
			buildRules = (
			);
			dependencies = (
			);
			name = SwiftTypeConversion;
			productName = SwiftTypeConversion;
			productReference = 50E79DD91F7CD22B00A2E6FB /* SwiftTypeConversion.framework */;
			productType = "com.apple.product-type.framework";
		};
/* End PBXNativeTarget section */

/* Begin PBXProject section */
		50E79DD01F7CD22B00A2E6FB /* Project object */ = {
			isa = PBXProject;
			attributes = {
				LastUpgradeCheck = 0900;
				ORGANIZATIONNAME = QinJuKeJi;
				TargetAttributes = {
					50E79DD81F7CD22B00A2E6FB = {
						CreatedOnToolsVersion = 9.0;
						LastSwiftMigration = 0900;
						ProvisioningStyle = Automatic;
					};
				};
			};
			buildConfigurationList = 50E79DD31F7CD22B00A2E6FB /* Build configuration list for PBXProject "SwiftTypeConversion" */;
			compatibilityVersion = "Xcode 8.0";
			developmentRegion = en;
			hasScannedForEncodings = 0;
			knownRegions = (
				en,
			);
			mainGroup = 50E79DCF1F7CD22B00A2E6FB;
			productRefGroup = 50E79DDA1F7CD22B00A2E6FB /* Products */;
			projectDirPath = "";
			projectRoot = "";
			targets = (
				50E79DD81F7CD22B00A2E6FB /* SwiftTypeConversion */,
			);
		};
/* End PBXProject section */

/* Begin PBXResourcesBuildPhase section */
		50E79DD71F7CD22B00A2E6FB /* Resources */ = {
			isa = PBXResourcesBuildPhase;
			buildActionMask = 2147483647;
			files = (
			);
			runOnlyForDeploymentPostprocessing = 0;
		};
/* End PBXResourcesBuildPhase section */

/* Begin PBXSourcesBuildPhase section */
		50E79DD41F7CD22B00A2E6FB /* Sources */ = {
			isa = PBXSourcesBuildPhase;
			buildActionMask = 2147483647;
			files = (
				50E79DE51F7CD29D00A2E6FB /* TypeConversion.swift in Sources */,
			);
			runOnlyForDeploymentPostprocessing = 0;
		};
/* End PBXSourcesBuildPhase section */

/* Begin XCBuildConfiguration section */
		50E79DDF1F7CD22B00A2E6FB /* Debug */ = {
			isa = XCBuildConfiguration;
			buildSettings = {
				ALWAYS_SEARCH_USER_PATHS = NO;
				CLANG_ANALYZER_NONNULL = YES;
				CLANG_ANALYZER_NUMBER_OBJECT_CONVERSION = YES_AGGRESSIVE;
				CLANG_CXX_LANGUAGE_STANDARD = "gnu++14";
				CLANG_CXX_LIBRARY = "libc++";
				CLANG_ENABLE_MODULES = YES;
				CLANG_ENABLE_OBJC_ARC = YES;
				CLANG_WARN_BLOCK_CAPTURE_AUTORELEASING = YES;
				CLANG_WARN_BOOL_CONVERSION = YES;
				CLANG_WARN_COMMA = YES;
				CLANG_WARN_CONSTANT_CONVERSION = YES;
				CLANG_WARN_DIRECT_OBJC_ISA_USAGE = YES_ERROR;
				CLANG_WARN_DOCUMENTATION_COMMENTS = YES;
				CLANG_WARN_EMPTY_BODY = YES;
				CLANG_WARN_ENUM_CONVERSION = YES;
				CLANG_WARN_INFINITE_RECURSION = YES;
				CLANG_WARN_INT_CONVERSION = YES;
				CLANG_WARN_NON_LITERAL_NULL_CONVERSION = YES;
				CLANG_WARN_OBJC_LITERAL_CONVERSION = YES;
				CLANG_WARN_OBJC_ROOT_CLASS = YES_ERROR;
				CLANG_WARN_RANGE_LOOP_ANALYSIS = YES;
				CLANG_WARN_STRICT_PROTOTYPES = YES;
				CLANG_WARN_SUSPICIOUS_MOVE = YES;
				CLANG_WARN_UNGUARDED_AVAILABILITY = YES_AGGRESSIVE;
				CLANG_WARN_UNREACHABLE_CODE = YES;
				CLANG_WARN__DUPLICATE_METHOD_MATCH = YES;
				CODE_SIGN_IDENTITY = "iPhone Developer";
				COPY_PHASE_STRIP = NO;
				CURRENT_PROJECT_VERSION = 1;
				DEBUG_INFORMATION_FORMAT = dwarf;
				ENABLE_STRICT_OBJC_MSGSEND = YES;
				ENABLE_TESTABILITY = YES;
				GCC_C_LANGUAGE_STANDARD = gnu11;
				GCC_DYNAMIC_NO_PIC = NO;
				GCC_NO_COMMON_BLOCKS = YES;
				GCC_OPTIMIZATION_LEVEL = 0;
				GCC_PREPROCESSOR_DEFINITIONS = (
					"DEBUG=1",
					"$(inherited)",
				);
				GCC_WARN_64_TO_32_BIT_CONVERSION = YES;
				GCC_WARN_ABOUT_RETURN_TYPE = YES_ERROR;
				GCC_WARN_UNDECLARED_SELECTOR = YES;
				GCC_WARN_UNINITIALIZED_AUTOS = YES_AGGRESSIVE;
				GCC_WARN_UNUSED_FUNCTION = YES;
				GCC_WARN_UNUSED_VARIABLE = YES;
				IPHONEOS_DEPLOYMENT_TARGET = 11.0;
				MTL_ENABLE_DEBUG_INFO = YES;
				ONLY_ACTIVE_ARCH = YES;
				SDKROOT = iphoneos;
				SWIFT_ACTIVE_COMPILATION_CONDITIONS = DEBUG;
				SWIFT_OPTIMIZATION_LEVEL = "-Onone";
				VERSIONING_SYSTEM = "apple-generic";
				VERSION_INFO_PREFIX = "";
			};
			name = Debug;
		};
		50E79DE01F7CD22B00A2E6FB /* Release */ = {
			isa = XCBuildConfiguration;
			buildSettings = {
				ALWAYS_SEARCH_USER_PATHS = NO;
				CLANG_ANALYZER_NONNULL = YES;
				CLANG_ANALYZER_NUMBER_OBJECT_CONVERSION = YES_AGGRESSIVE;
				CLANG_CXX_LANGUAGE_STANDARD = "gnu++14";
				CLANG_CXX_LIBRARY = "libc++";
				CLANG_ENABLE_MODULES = YES;
				CLANG_ENABLE_OBJC_ARC = YES;
				CLANG_WARN_BLOCK_CAPTURE_AUTORELEASING = YES;
				CLANG_WARN_BOOL_CONVERSION = YES;
				CLANG_WARN_COMMA = YES;
				CLANG_WARN_CONSTANT_CONVERSION = YES;
				CLANG_WARN_DIRECT_OBJC_ISA_USAGE = YES_ERROR;
				CLANG_WARN_DOCUMENTATION_COMMENTS = YES;
				CLANG_WARN_EMPTY_BODY = YES;
				CLANG_WARN_ENUM_CONVERSION = YES;
				CLANG_WARN_INFINITE_RECURSION = YES;
				CLANG_WARN_INT_CONVERSION = YES;
				CLANG_WARN_NON_LITERAL_NULL_CONVERSION = YES;
				CLANG_WARN_OBJC_LITERAL_CONVERSION = YES;
				CLANG_WARN_OBJC_ROOT_CLASS = YES_ERROR;
				CLANG_WARN_RANGE_LOOP_ANALYSIS = YES;
				CLANG_WARN_STRICT_PROTOTYPES = YES;
				CLANG_WARN_SUSPICIOUS_MOVE = YES;
				CLANG_WARN_UNGUARDED_AVAILABILITY = YES_AGGRESSIVE;
				CLANG_WARN_UNREACHABLE_CODE = YES;
				CLANG_WARN__DUPLICATE_METHOD_MATCH = YES;
				CODE_SIGN_IDENTITY = "iPhone Developer";
				COPY_PHASE_STRIP = NO;
				CURRENT_PROJECT_VERSION = 1;
				DEBUG_INFORMATION_FORMAT = "dwarf-with-dsym";
				ENABLE_NS_ASSERTIONS = NO;
				ENABLE_STRICT_OBJC_MSGSEND = YES;
				GCC_C_LANGUAGE_STANDARD = gnu11;
				GCC_NO_COMMON_BLOCKS = YES;
				GCC_WARN_64_TO_32_BIT_CONVERSION = YES;
				GCC_WARN_ABOUT_RETURN_TYPE = YES_ERROR;
				GCC_WARN_UNDECLARED_SELECTOR = YES;
				GCC_WARN_UNINITIALIZED_AUTOS = YES_AGGRESSIVE;
				GCC_WARN_UNUSED_FUNCTION = YES;
				GCC_WARN_UNUSED_VARIABLE = YES;
				IPHONEOS_DEPLOYMENT_TARGET = 11.0;
				MTL_ENABLE_DEBUG_INFO = NO;
				SDKROOT = iphoneos;
				SWIFT_OPTIMIZATION_LEVEL = "-Owholemodule";
				VALIDATE_PRODUCT = YES;
				VERSIONING_SYSTEM = "apple-generic";
				VERSION_INFO_PREFIX = "";
			};
			name = Release;
		};
		50E79DE21F7CD22B00A2E6FB /* Debug */ = {
			isa = XCBuildConfiguration;
			buildSettings = {
				CLANG_ENABLE_MODULES = YES;
				CODE_SIGN_IDENTITY = "";
				CODE_SIGN_STYLE = Automatic;
				DEFINES_MODULE = YES;
				DEVELOPMENT_TEAM = VXJWPMTZDB;
				DYLIB_COMPATIBILITY_VERSION = 1;
				DYLIB_CURRENT_VERSION = 1;
				DYLIB_INSTALL_NAME_BASE = "@rpath";
				INFOPLIST_FILE = SwiftTypeConversion/Info.plist;
				INSTALL_PATH = "$(LOCAL_LIBRARY_DIR)/Frameworks";
				IPHONEOS_DEPLOYMENT_TARGET = 8.0;
				LD_RUNPATH_SEARCH_PATHS = "$(inherited) @executable_path/Frameworks @loader_path/Frameworks";
				PRODUCT_BUNDLE_IDENTIFIER = TruckBro.SwiftTypeConversion;
				PRODUCT_NAME = "$(TARGET_NAME:c99extidentifier)";
				SKIP_INSTALL = YES;
				SWIFT_OPTIMIZATION_LEVEL = "-Onone";
				SWIFT_VERSION = 4.0;
				TARGETED_DEVICE_FAMILY = "1,2";
			};
			name = Debug;
		};
		50E79DE31F7CD22B00A2E6FB /* Release */ = {
			isa = XCBuildConfiguration;
			buildSettings = {
				CLANG_ENABLE_MODULES = YES;
				CODE_SIGN_IDENTITY = "";
				CODE_SIGN_STYLE = Automatic;
				DEFINES_MODULE = YES;
				DEVELOPMENT_TEAM = VXJWPMTZDB;
				DYLIB_COMPATIBILITY_VERSION = 1;
				DYLIB_CURRENT_VERSION = 1;
				DYLIB_INSTALL_NAME_BASE = "@rpath";
				INFOPLIST_FILE = SwiftTypeConversion/Info.plist;
				INSTALL_PATH = "$(LOCAL_LIBRARY_DIR)/Frameworks";
				IPHONEOS_DEPLOYMENT_TARGET = 8.0;
				LD_RUNPATH_SEARCH_PATHS = "$(inherited) @executable_path/Frameworks @loader_path/Frameworks";
				PRODUCT_BUNDLE_IDENTIFIER = TruckBro.SwiftTypeConversion;
				PRODUCT_NAME = "$(TARGET_NAME:c99extidentifier)";
				SKIP_INSTALL = YES;
				SWIFT_VERSION = 4.0;
				TARGETED_DEVICE_FAMILY = "1,2";
			};
			name = Release;
		};
/* End XCBuildConfiguration section */

/* Begin XCConfigurationList section */
		50E79DD31F7CD22B00A2E6FB /* Build configuration list for PBXProject "SwiftTypeConversion" */ = {
			isa = XCConfigurationList;
			buildConfigurations = (
				50E79DDF1F7CD22B00A2E6FB /* Debug */,
				50E79DE01F7CD22B00A2E6FB /* Release */,
			);
			defaultConfigurationIsVisible = 0;
			defaultConfigurationName = Release;
		};
		50E79DE11F7CD22B00A2E6FB /* Build configuration list for PBXNativeTarget "SwiftTypeConversion" */ = {
			isa = XCConfigurationList;
			buildConfigurations = (
				50E79DE21F7CD22B00A2E6FB /* Debug */,
				50E79DE31F7CD22B00A2E6FB /* Release */,
			);
			defaultConfigurationIsVisible = 0;
			defaultConfigurationName = Release;
		};
/* End XCConfigurationList section */
	};
	rootObject = 50E79DD01F7CD22B00A2E6FB /* Project object */;
}
